
Microsoft Visual Studio Solution File, Format Version 12.00
# Visual Studio Version 16
VisualStudioVersion = 16.0.31105.61
MinimumVisualStudioVersion = 10.0.40219.1
Project("{9A19103F-16F7-4668-BE54-9A1E7A4F7556}") = "FallenAngelHandy", "FallenAngelHandy\FallenAngelHandy.csproj", "{6123151A-574C-4D55-BA32-E9435E1ECA6F}"
EndProject
Global
	GlobalSection(SolutionConfigurationPlatforms) = preSolution
		Debug|Any CPU = Debug|Any CPU
		Release|Any CPU = Release|Any CPU
	EndGlobalSection
	GlobalSection(ProjectConfigurationPlatforms) = postSolution
		{6123151A-574C-4D55-BA32-E9435E1ECA6F}.Debug|Any CPU.ActiveCfg = Debug|Any CPU
		{6123151A-574C-4D55-BA32-E9435E1ECA6F}.Debug|Any CPU.Build.0 = Debug|Any CPU
		{6123151A-574C-4D55-BA32-E9435E1ECA6F}.Release|Any CPU.ActiveCfg = Release|Any CPU
		{6123151A-574C-4D55-BA32-E9435E1ECA6F}.Release|Any CPU.Build.0 = Release|Any CPU
	EndGlobalSection
	GlobalSection(SolutionProperties) = preSolution
		HideSolutionNode = FALSE
	EndGlobalSection
	GlobalSection(ExtensibilityGlobals) = postSolution
		SolutionGuid = {81EBA299-9B5C-4D41-80AF-584A2A046A70}
	EndGlobalSection
EndGlobal
